
Microsoft Visual Studio Solution File, Format Version 12.00
# Visual Studio Version 17
VisualStudioVersion = 17.1.32228.430
MinimumVisualStudioVersion = 10.0.40219.1
Project("{FAE04EC0-301F-11D3-BF4B-00C04F79EFBC}") = "BC-BestStories-API-SajithBichu", "BC-BestStories-API-SajithBichu.csproj", "{BC9F7A15-A160-487C-853D-DE23B8D4A54C}"
EndProject
Global
	GlobalSection(SolutionConfigurationPlatforms) = preSolution
		Debug|Any CPU = Debug|Any CPU
		Release|Any CPU = Release|Any CPU
	EndGlobalSection
	GlobalSection(ProjectConfigurationPlatforms) = postSolution
		{BC9F7A15-A160-487C-853D-DE23B8D4A54C}.Debug|Any CPU.ActiveCfg = Debug|Any CPU
		{BC9F7A15-A160-487C-853D-DE23B8D4A54C}.Debug|Any CPU.Build.0 = Debug|Any CPU
		{BC9F7A15-A160-487C-853D-DE23B8D4A54C}.Release|Any CPU.ActiveCfg = Release|Any CPU
		{BC9F7A15-A160-487C-853D-DE23B8D4A54C}.Release|Any CPU.Build.0 = Release|Any CPU
	EndGlobalSection
	GlobalSection(SolutionProperties) = preSolution
		HideSolutionNode = FALSE
	EndGlobalSection
	GlobalSection(ExtensibilityGlobals) = postSolution
		SolutionGuid = {25A535E4-0EBD-4D7A-8872-D1AF1B146CE8}
	EndGlobalSection
EndGlobal
